
Microsoft Visual Studio Solution File, Format Version 12.00
# Visual Studio Version 16
VisualStudioVersion = 16.0.31112.23
MinimumVisualStudioVersion = 10.0.40219.1
Project("{9A19103F-16F7-4668-BE54-9A1E7A4F7556}") = "MMT Web Api", "MMT Web Api\MMT Web Api.csproj", "{A0686485-938D-43AC-B17C-365C09A55D84}"
EndProject
Project("{9A19103F-16F7-4668-BE54-9A1E7A4F7556}") = "ApplicationCore", "ApplicationCore\ApplicationCore.csproj", "{37E0282B-CBE3-47BC-951F-F5EA67B5AD7C}"
EndProject
Project("{FAE04EC0-301F-11D3-BF4B-00C04F79EFBC}") = "Infrastructures", "Infrastructures\Infrastructures.csproj", "{00A09A89-E72B-408E-959A-BCB016D18145}"
EndProject
Global
	GlobalSection(SolutionConfigurationPlatforms) = preSolution
		Debug|Any CPU = Debug|Any CPU
		Release|Any CPU = Release|Any CPU
	EndGlobalSection
	GlobalSection(ProjectConfigurationPlatforms) = postSolution
		{A0686485-938D-43AC-B17C-365C09A55D84}.Debug|Any CPU.ActiveCfg = Debug|Any CPU
		{A0686485-938D-43AC-B17C-365C09A55D84}.Debug|Any CPU.Build.0 = Debug|Any CPU
		{A0686485-938D-43AC-B17C-365C09A55D84}.Release|Any CPU.ActiveCfg = Release|Any CPU
		{A0686485-938D-43AC-B17C-365C09A55D84}.Release|Any CPU.Build.0 = Release|Any CPU
		{37E0282B-CBE3-47BC-951F-F5EA67B5AD7C}.Debug|Any CPU.ActiveCfg = Debug|Any CPU
		{37E0282B-CBE3-47BC-951F-F5EA67B5AD7C}.Debug|Any CPU.Build.0 = Debug|Any CPU
		{37E0282B-CBE3-47BC-951F-F5EA67B5AD7C}.Release|Any CPU.ActiveCfg = Release|Any CPU
		{37E0282B-CBE3-47BC-951F-F5EA67B5AD7C}.Release|Any CPU.Build.0 = Release|Any CPU
		{00A09A89-E72B-408E-959A-BCB016D18145}.Debug|Any CPU.ActiveCfg = Debug|Any CPU
		{00A09A89-E72B-408E-959A-BCB016D18145}.Debug|Any CPU.Build.0 = Debug|Any CPU
		{00A09A89-E72B-408E-959A-BCB016D18145}.Release|Any CPU.ActiveCfg = Release|Any CPU
		{00A09A89-E72B-408E-959A-BCB016D18145}.Release|Any CPU.Build.0 = Release|Any CPU
	EndGlobalSection
	GlobalSection(SolutionProperties) = preSolution
		HideSolutionNode = FALSE
	EndGlobalSection
	GlobalSection(ExtensibilityGlobals) = postSolution
		SolutionGuid = {D18A6852-699C-4C41-9E95-5C0057453263}
	EndGlobalSection
EndGlobal
